
Microsoft Visual Studio Solution File, Format Version 12.00
# Visual Studio 15
VisualStudioVersion = 15.0.28307.539
MinimumVisualStudioVersion = 10.0.40219.1
Project("{8BC9CEB8-8B4A-11D0-8D11-00A0C91BC942}") = "StarforceRate", "StarforceRate\StarforceRate.vcxproj", "{655C5B2A-084E-4E78-9900-D4BFDB359437}"
EndProject
Global
	GlobalSection(SolutionConfigurationPlatforms) = preSolution
		Debug|x64 = Debug|x64
		Debug|x86 = Debug|x86
		Release|x64 = Release|x64
		Release|x86 = Release|x86
	EndGlobalSection
	GlobalSection(ProjectConfigurationPlatforms) = postSolution
		{655C5B2A-084E-4E78-9900-D4BFDB359437}.Debug|x64.ActiveCfg = Debug|x64
		{655C5B2A-084E-4E78-9900-D4BFDB359437}.Debug|x64.Build.0 = Debug|x64
		{655C5B2A-084E-4E78-9900-D4BFDB359437}.Debug|x86.ActiveCfg = Debug|Win32
		{655C5B2A-084E-4E78-9900-D4BFDB359437}.Debug|x86.Build.0 = Debug|Win32
		{655C5B2A-084E-4E78-9900-D4BFDB359437}.Release|x64.ActiveCfg = Release|x64
		{655C5B2A-084E-4E78-9900-D4BFDB359437}.Release|x64.Build.0 = Release|x64
		{655C5B2A-084E-4E78-9900-D4BFDB359437}.Release|x86.ActiveCfg = Release|Win32
		{655C5B2A-084E-4E78-9900-D4BFDB359437}.Release|x86.Build.0 = Release|Win32
	EndGlobalSection
	GlobalSection(SolutionProperties) = preSolution
		HideSolutionNode = FALSE
	EndGlobalSection
	GlobalSection(ExtensibilityGlobals) = postSolution
		SolutionGuid = {AAC0809C-F84F-4412-83CC-BB513C6CCF8B}
	EndGlobalSection
EndGlobal
